dependencies:
- name: common
  repository: https://bjw-s.github.io/helm-charts
  version: 1.5.1
- name: postgresql
  repository: https://charts.bitnami.com/bitnami
  version: 16.1.2
- name: mariadb
  repository: https://charts.bitnami.com/bitnami
  version: 16.0.2
- name: redis
  repository: https://charts.bitnami.com/bitnami
  version: 18.6.4
digest: sha256:c9e8c8a18ca978af69d6c19f55c3b72a389ca39c6b83f4fc33da80e16d5bfe7d
generated: "2024-11-07T00:14:00.090095179Z"
