dependencies:
- name: common
  repository: https://bjw-s.github.io/helm-charts
  version: 1.5.1
- name: postgresql
  repository: https://charts.bitnami.com/bitnami
  version: 14.0.5
- name: mariadb
  repository: https://charts.bitnami.com/bitnami
  version: 16.0.2
- name: redis
  repository: https://charts.bitnami.com/bitnami
  version: 20.2.2
digest: sha256:b3e082f52e73fd9ec7f8c2348f54cfd75e768566c8bc9d8a227d2ea3384079a0
generated: "2024-11-12T00:17:38.967392604Z"
