dependencies:
- name: common
  repository: https://bjw-s.github.io/helm-charts
  version: 1.5.1
- name: postgresql
  repository: https://charts.bitnami.com/bitnami
  version: 14.0.5
- name: mariadb
  repository: https://charts.bitnami.com/bitnami
  version: 20.0.0
- name: redis
  repository: https://charts.bitnami.com/bitnami
  version: 18.6.4
digest: sha256:7519ebfeab41cdc0e987c32d6ba71bf53263d5f3138aa1850269aff889414c75
generated: "2024-11-08T12:11:09.94477526Z"
