dependencies:
- name: common
  repository: https://bjw-s.github.io/helm-charts
  version: 1.5.1
- name: postgresql
  repository: https://charts.bitnami.com/bitnami
  version: 16.1.2
- name: mariadb
  repository: https://charts.bitnami.com/bitnami
  version: 16.0.2
digest: sha256:b955d190f56afac27b6cab2aa746808227030035ef4ac88139e21ffc0dfd4f9c
generated: "2024-11-07T00:11:57.757340767Z"
