dependencies:
- name: common
  repository: https://bjw-s.github.io/helm-charts
  version: 1.5.1
- name: redis
  repository: https://charts.bitnami.com/bitnami
  version: 20.2.2
digest: sha256:fdc277162f5fbd1f98b5a5d3dc7445fd76814758315a8d26899a02200c3071df
generated: "2024-11-12T00:17:11.413535978Z"
