dependencies:
- name: common
  repository: https://bjw-s.github.io/helm-charts
  version: 1.5.1
- name: mariadb
  repository: https://charts.bitnami.com/bitnami
  version: 20.0.0
digest: sha256:0cc66ab9e61e5f872f2e1ee740bf0ce9c4042dfbac4556ca0e881ab881dbc130
generated: "2024-11-08T12:10:35.11597479Z"
