dependencies:
- name: common
  repository: https://bjw-s.github.io/helm-charts
  version: 1.5.1
- name: postgresql
  repository: https://charts.bitnami.com/bitnami
  version: 14.0.5
- name: mariadb
  repository: https://charts.bitnami.com/bitnami
  version: 20.0.0
digest: sha256:90dc48497651a9cbf05c67a75818e9a4953038a60083ca431b95892b14f7e3a2
generated: "2024-11-08T12:10:05.93482533Z"
