dependencies:
- name: common
  repository: https://bjw-s.github.io/helm-charts
  version: 1.5.1
- name: postgresql
  repository: https://charts.bitnami.com/bitnami
  version: 16.1.2
digest: sha256:5ce1fac918c7660239d39669f6572495e1af9252ca9ee087f97da65058475f12
generated: "2024-11-07T00:11:34.161937196Z"
