dependencies:
- name: common
  repository: https://bjw-s.github.io/helm-charts
  version: 1.5.1
- name: mongodb
  repository: https://charts.bitnami.com/bitnami
  version: 16.2.1
digest: sha256:63b88eb936ca92c7248a8f2d148e07f690ec4e087887d082980a3da5369c72cb
generated: "2024-10-30T12:10:04.462830175Z"
