dependencies:
- name: common
  repository: https://bjw-s.github.io/helm-charts
  version: 1.5.1
- name: mariadb
  repository: https://charts.bitnami.com/bitnami
  version: 16.0.2
- name: postgresql
  repository: https://charts.bitnami.com/bitnami
  version: 16.1.2
digest: sha256:206abd8328090c057d0ad810a87021ab4889523af8e47812a7f53d6e6c08949b
generated: "2024-11-07T00:14:54.10387474Z"
