dependencies:
- name: common
  repository: https://bjw-s.github.io/helm-charts
  version: 1.5.1
- name: mariadb
  repository: https://charts.bitnami.com/bitnami
  version: 20.0.0
- name: postgresql
  repository: https://charts.bitnami.com/bitnami
  version: 14.0.5
digest: sha256:81242b525a2459a12ea5f2fa6e2f005c089cf5687c2c74814c0eb47447af9563
generated: "2024-11-08T12:11:45.432009402Z"
